
Microsoft Visual Studio Solution File, Format Version 12.00
# Visual Studio Version 16
VisualStudioVersion = 16.0.31702.278
MinimumVisualStudioVersion = 10.0.40219.1
Project("{FAE04EC0-301F-11D3-BF4B-00C04F79EFBC}") = "3DAfines", "3DAfines\3DAfines.csproj", "{BEEEDCC9-0492-43A0-BA81-1D5B94D3C234}"
EndProject
Project("{9A19103F-16F7-4668-BE54-9A1E7A4F7556}") = "2VarPlotting", "2VarPlotting\2VarPlotting.csproj", "{3D037B22-EB38-47CE-820A-9ED9EA228CCF}"
	ProjectSection(ProjectDependencies) = postProject
		{BEEEDCC9-0492-43A0-BA81-1D5B94D3C234} = {BEEEDCC9-0492-43A0-BA81-1D5B94D3C234}
	EndProjectSection
EndProject
Project("{FAE04EC0-301F-11D3-BF4B-00C04F79EFBC}") = "DeletePolygons", "Affine\DeletePolygons.csproj", "{1AFA0344-C03B-408B-ABD2-F95F2731DF9C}"
EndProject
Global
	GlobalSection(SolutionConfigurationPlatforms) = preSolution
		Debug|Any CPU = Debug|Any CPU
		Release|Any CPU = Release|Any CPU
	EndGlobalSection
	GlobalSection(ProjectConfigurationPlatforms) = postSolution
		{BEEEDCC9-0492-43A0-BA81-1D5B94D3C234}.Debug|Any CPU.ActiveCfg = Debug|Any CPU
		{BEEEDCC9-0492-43A0-BA81-1D5B94D3C234}.Debug|Any CPU.Build.0 = Debug|Any CPU
		{BEEEDCC9-0492-43A0-BA81-1D5B94D3C234}.Release|Any CPU.ActiveCfg = Release|Any CPU
		{BEEEDCC9-0492-43A0-BA81-1D5B94D3C234}.Release|Any CPU.Build.0 = Release|Any CPU
		{3D037B22-EB38-47CE-820A-9ED9EA228CCF}.Debug|Any CPU.ActiveCfg = Debug|Any CPU
		{3D037B22-EB38-47CE-820A-9ED9EA228CCF}.Debug|Any CPU.Build.0 = Debug|Any CPU
		{3D037B22-EB38-47CE-820A-9ED9EA228CCF}.Release|Any CPU.ActiveCfg = Release|Any CPU
		{3D037B22-EB38-47CE-820A-9ED9EA228CCF}.Release|Any CPU.Build.0 = Release|Any CPU
		{1AFA0344-C03B-408B-ABD2-F95F2731DF9C}.Debug|Any CPU.ActiveCfg = Debug|Any CPU
		{1AFA0344-C03B-408B-ABD2-F95F2731DF9C}.Debug|Any CPU.Build.0 = Debug|Any CPU
		{1AFA0344-C03B-408B-ABD2-F95F2731DF9C}.Release|Any CPU.ActiveCfg = Release|Any CPU
		{1AFA0344-C03B-408B-ABD2-F95F2731DF9C}.Release|Any CPU.Build.0 = Release|Any CPU
	EndGlobalSection
	GlobalSection(SolutionProperties) = preSolution
		HideSolutionNode = FALSE
	EndGlobalSection
	GlobalSection(ExtensibilityGlobals) = postSolution
		SolutionGuid = {A7360395-8B94-499E-A3BE-45D75B47556E}
	EndGlobalSection
EndGlobal
